filippo.io/edwards25519 v1.1.0 h1:FNf4tywRC1HmFuKW5xopWpigGjJKiJSV0Cqo0cJWDaA=
filippo.io/edwards25519 v1.1.0/go.mod h1:BxyFTGdWcka3PhytdK4V28tE5sGfRvvvRV7EaN4VDT4=
github.com/go-sql-driver/mysql v1.8.1 h1:LedoTUt/eveggdHS9qUFC1EFSa8bU2+1pZjSRpvNJ1Y=
github.com/go-sql-driver/mysql v1.8.1/go.mod h1:wEBSXgmK//2ZFJyE+qWnIsVGmvmEKlqwuVSjsCm7DZg=
github.com/hashicorp/errwrap v1.0.0 h1:hLrqtEDnRye3+sgx6z4qVLNuviH3MR5aQ0ykNJa/UYA=
github.com/hashicorp/errwrap v1.0.0/go.mod h1:YH+1FKiLXxHSkmPseP+kNlulaMuP3n2brvKWEqk/Jc4=
github.com/hashicorp/go-multierror v1.1.1 h1:H5DkEtf6CXdFp0N0Em5UCwQpXMWke8IA0+lD48awMYo=
github.com/hashicorp/go-multierror v1.1.1/go.mod h1:iw975J/qwKPdAO1clOe2L8331t/9/fmwbPZ6JB6eMoM=
github.com/jlaffaye/ftp v0.2.0 h1:lXNvW7cBu7R/68bknOX3MrRIIqZ61zELs1P2RAiA3lg=
github.com/jlaffaye/ftp v0.2.0/go.mod h1:is2Ds5qkhceAPy2xD6RLI6hmp/qysSoymZ+Z2uTnspI=
github.com/jlandowner/go-interactive-ssh v0.0.0-20240107104616-870518dfe9fb h1:BOsgl0880THsJeO3VC39+pFkMEufaQfu2v854iXiKrU=
github.com/jlandowner/go-interactive-ssh v0.0.0-20240107104616-870518dfe9fb/go.mod h1:CA8NvtnB7f0c0u4ATqkgwDahFA7tlluLLc0d/Rebo74=
github.com/mohae/deepcopy v0.0.0-20170929034955-c48cc78d4826 h1:RWengNIwukTxcDr9M+97sNutRR1RKhG96O6jWumTTnw=
github.com/mohae/deepcopy v0.0.0-20170929034955-c48cc78d4826/go.mod h1:TaXosZuwdSHYgviHp1DAtfrULt5eUgsSMsZf+YrPgl8=
github.com/richardlehane/mscfb v1.0.4 h1:WULscsljNPConisD5hR0+OyZjwK46Pfyr6mPu5ZawpM=
github.com/richardlehane/mscfb v1.0.4/go.mod h1:YzVpcZg9czvAuhk9T+a3avCpcFPMUWm7gK3DypaEsUk=
github.com/richardlehane/msoleps v1.0.1/go.mod h1:BWev5JBpU9Ko2WAgmZEuiz4/u3ZYTKbjLycmwiWUfWg=
github.com/richardlehane/msoleps v1.0.3 h1:aznSZzrwYRl3rLKRT3gUk9am7T/mLNSnJINvN0AQoVM=
github.com/richardlehane/msoleps v1.0.3/go.mod h1:BWev5JBpU9Ko2WAgmZEuiz4/u3ZYTKbjLycmwiWUfWg=
github.com/xuri/efp v0.0.0-20231025114914-d1ff6096ae53 h1:Chd9DkqERQQuHpXjR/HSV1jLZA6uaoiwwH3vSuF3IW0=
github.com/xuri/efp v0.0.0-20231025114914-d1ff6096ae53/go.mod h1:ybY/Jr0T0GTCnYjKqmdwxyxn2BQf2RcQIIvex5QldPI=
github.com/xuri/excelize/v2 v2.8.1 h1:pZLMEwK8ep+CLIUWpWmvW8IWE/yxqG0I1xcN6cVMGuQ=
github.com/xuri/excelize/v2 v2.8.1/go.mod h1:oli1E4C3Pa5RXg1TBXn4ENCXDV5JUMlBluUhG7c+CEE=
github.com/xuri/nfp v0.0.0-20230919160717-d98342af3f05 h1:qhbILQo1K3mphbwKh1vNm4oGezE1eF9fQWmNiIpSfI4=
github.com/xuri/nfp v0.0.0-20230919160717-d98342af3f05/go.mod h1:WwHg+CVyzlv/TX9xqBFXEZAuxOPxn2k1GNHwG41IIUQ=
golang.org/x/crypto v0.24.0 h1:mnl8DM0o513X8fdIkmyFE/5hTYxbwYOjDS/+rK6qpRI=
golang.org/x/crypto v0.24.0/go.mod h1:Z1PMYSOR5nyMcyAVAIQSKCDwalqy85Aqn1x3Ws4L5DM=
golang.org/x/net v0.21.0 h1:AQyQV4dYCvJ7vGmJyKki9+PBdyvhkSd8EIx/qb0AYv4=
golang.org/x/net v0.21.0/go.mod h1:bIjVDfnllIU7BJ2DNgfnXvpSvtn8VRwhlsaeUTyUS44=
golang.org/x/sys v0.21.0 h1:rF+pYz3DAGSQAxAu1CbC7catZg4ebC4UIeIhKxBZvws=
golang.org/x/sys v0.21.0/go.mod h1:/VUhepiaJMQUp4+oa/7Zr1D23ma6VTLIYjOOTFZPUcA=
golang.org/x/text v0.16.0 h1:a94ExnEXNtEwYLGJSIUxnWoxoRz/ZcCsV63ROupILh4=
golang.org/x/text v0.16.0/go.mod h1:GhwF1Be+LQoKShO3cGOHzqOgRrGaYc9AvblQOmPVHnI=
